
Microsoft Visual Studio Solution File, Format Version 12.00
# Visual Studio Version 16
VisualStudioVersion = 16.0.31613.86
MinimumVisualStudioVersion = 10.0.40219.1
Project("{9A19103F-16F7-4668-BE54-9A1E7A4F7556}") = "SupportManagement.Api", "SupportManagement.Api\SupportManagement.Api.csproj", "{3789F855-7247-4CDF-8870-A0DA5DE37E2D}"
EndProject
Project("{9A19103F-16F7-4668-BE54-9A1E7A4F7556}") = "SupportManagement.Business", "SupportManagement.Business\SupportManagement.Business.csproj", "{9A522F21-C852-4BA6-9C31-88676D1B849D}"
EndProject
Project("{9A19103F-16F7-4668-BE54-9A1E7A4F7556}") = "SupportManagement.DataAccess", "SupportManagement.DataAccess\SupportManagement.DataAccess.csproj", "{9E73B69E-5D70-4BB3-8BE6-3BA19153A16C}"
EndProject
Project("{9A19103F-16F7-4668-BE54-9A1E7A4F7556}") = "SupportManagement.Entities", "SupportManagement.Entities\SupportManagement.Entities.csproj", "{167E10CC-E4E1-4C43-B892-D7708607060C}"
EndProject
Project("{9A19103F-16F7-4668-BE54-9A1E7A4F7556}") = "SupportManagement.Model", "SupportManagement.Model\SupportManagement.Model.csproj", "{060DCA92-3D63-413C-8E13-89DD885240FD}"
EndProject
Project("{FAE04EC0-301F-11D3-BF4B-00C04F79EFBC}") = "SupportManagement.ChatCoordinator", "SupportManagement.ChatCoordinator\SupportManagement.ChatCoordinator.csproj", "{0F2CB02E-870D-407D-A4DA-75B46CEBFBFF}"
EndProject
Project("{FAE04EC0-301F-11D3-BF4B-00C04F79EFBC}") = "SupportManagement.Helper", "SupportManagement.Helper\SupportManagement.Helper.csproj", "{27849640-9C46-4F87-B1DF-2BD407FDFD53}"
EndProject
Project("{FAE04EC0-301F-11D3-BF4B-00C04F79EFBC}") = "SupportManagement.ChatWindow", "SupportManagement.ChatWindow\SupportManagement.ChatWindow.csproj", "{2E6B7125-1D33-4558-9D13-D7968002362D}"
EndProject
Global
	GlobalSection(SolutionConfigurationPlatforms) = preSolution
		Debug|Any CPU = Debug|Any CPU
		Release|Any CPU = Release|Any CPU
	EndGlobalSection
	GlobalSection(ProjectConfigurationPlatforms) = postSolution
		{3789F855-7247-4CDF-8870-A0DA5DE37E2D}.Debug|Any CPU.ActiveCfg = Debug|Any CPU
		{3789F855-7247-4CDF-8870-A0DA5DE37E2D}.Debug|Any CPU.Build.0 = Debug|Any CPU
		{3789F855-7247-4CDF-8870-A0DA5DE37E2D}.Release|Any CPU.ActiveCfg = Release|Any CPU
		{3789F855-7247-4CDF-8870-A0DA5DE37E2D}.Release|Any CPU.Build.0 = Release|Any CPU
		{9A522F21-C852-4BA6-9C31-88676D1B849D}.Debug|Any CPU.ActiveCfg = Debug|Any CPU
		{9A522F21-C852-4BA6-9C31-88676D1B849D}.Debug|Any CPU.Build.0 = Debug|Any CPU
		{9A522F21-C852-4BA6-9C31-88676D1B849D}.Release|Any CPU.ActiveCfg = Release|Any CPU
		{9A522F21-C852-4BA6-9C31-88676D1B849D}.Release|Any CPU.Build.0 = Release|Any CPU
		{9E73B69E-5D70-4BB3-8BE6-3BA19153A16C}.Debug|Any CPU.ActiveCfg = Debug|Any CPU
		{9E73B69E-5D70-4BB3-8BE6-3BA19153A16C}.Debug|Any CPU.Build.0 = Debug|Any CPU
		{9E73B69E-5D70-4BB3-8BE6-3BA19153A16C}.Release|Any CPU.ActiveCfg = Release|Any CPU
		{9E73B69E-5D70-4BB3-8BE6-3BA19153A16C}.Release|Any CPU.Build.0 = Release|Any CPU
		{167E10CC-E4E1-4C43-B892-D7708607060C}.Debug|Any CPU.ActiveCfg = Debug|Any CPU
		{167E10CC-E4E1-4C43-B892-D7708607060C}.Debug|Any CPU.Build.0 = Debug|Any CPU
		{167E10CC-E4E1-4C43-B892-D7708607060C}.Release|Any CPU.ActiveCfg = Release|Any CPU
		{167E10CC-E4E1-4C43-B892-D7708607060C}.Release|Any CPU.Build.0 = Release|Any CPU
		{060DCA92-3D63-413C-8E13-89DD885240FD}.Debug|Any CPU.ActiveCfg = Debug|Any CPU
		{060DCA92-3D63-413C-8E13-89DD885240FD}.Debug|Any CPU.Build.0 = Debug|Any CPU
		{060DCA92-3D63-413C-8E13-89DD885240FD}.Release|Any CPU.ActiveCfg = Release|Any CPU
		{060DCA92-3D63-413C-8E13-89DD885240FD}.Release|Any CPU.Build.0 = Release|Any CPU
		{0F2CB02E-870D-407D-A4DA-75B46CEBFBFF}.Debug|Any CPU.ActiveCfg = Debug|Any CPU
		{0F2CB02E-870D-407D-A4DA-75B46CEBFBFF}.Debug|Any CPU.Build.0 = Debug|Any CPU
		{0F2CB02E-870D-407D-A4DA-75B46CEBFBFF}.Release|Any CPU.ActiveCfg = Release|Any CPU
		{0F2CB02E-870D-407D-A4DA-75B46CEBFBFF}.Release|Any CPU.Build.0 = Release|Any CPU
		{27849640-9C46-4F87-B1DF-2BD407FDFD53}.Debug|Any CPU.ActiveCfg = Debug|Any CPU
		{27849640-9C46-4F87-B1DF-2BD407FDFD53}.Debug|Any CPU.Build.0 = Debug|Any CPU
		{27849640-9C46-4F87-B1DF-2BD407FDFD53}.Release|Any CPU.ActiveCfg = Release|Any CPU
		{27849640-9C46-4F87-B1DF-2BD407FDFD53}.Release|Any CPU.Build.0 = Release|Any CPU
		{2E6B7125-1D33-4558-9D13-D7968002362D}.Debug|Any CPU.ActiveCfg = Debug|Any CPU
		{2E6B7125-1D33-4558-9D13-D7968002362D}.Debug|Any CPU.Build.0 = Debug|Any CPU
		{2E6B7125-1D33-4558-9D13-D7968002362D}.Release|Any CPU.ActiveCfg = Release|Any CPU
		{2E6B7125-1D33-4558-9D13-D7968002362D}.Release|Any CPU.Build.0 = Release|Any CPU
	EndGlobalSection
	GlobalSection(SolutionProperties) = preSolution
		HideSolutionNode = FALSE
	EndGlobalSection
	GlobalSection(ExtensibilityGlobals) = postSolution
		SolutionGuid = {3B0C76D7-93B1-4AD8-BB41-BC15716BCA88}
	EndGlobalSection
EndGlobal
